{
  "nodes": {
    "devshell": {
      "inputs": {
        "flake-utils": [
          "flake-utils"
        ],
        "nixpkgs": [
          "nixpkgs"
        ]
      },
      "locked": {
        "lastModified": 1646667754,
        "narHash": "sha256-LahZHvCC3UVzGQ55iWDRZkuDssXl1rYgqgScrPV9S38=",
        "owner": "numtide",
        "repo": "devshell",
        "rev": "59fbe1dfc0de8c3332957c16998a7d16dff365d8",
        "type": "github"
      },
      "original": {
        "owner": "numtide",
        "repo": "devshell",
        "type": "github"
      }
    },
    "emacs": {
      "locked": {
        "lastModified": 1646964569,
        "narHash": "sha256-Jg7GoK64/70iSMajn3SF07VyX7K7jXg/e1Xa+bi5pQ0=",
        "owner": "nix-community",
        "repo": "emacs-overlay",
        "rev": "4599731cbeb988158627f5f7aa57b7ece246e097",
        "type": "github"
      },
      "original": {
        "owner": "nix-community",
        "repo": "emacs-overlay",
        "type": "github"
      }
    },
    "emacs-ci": {
      "inputs": {
        "flake-utils": [
          "flake-utils"
        ],
        "nixpkgs": [
          "nixpkgs"
        ]
      },
      "locked": {
        "lastModified": 1646976877,
        "narHash": "sha256-gE7md+z/YM/5WjoZ+w1RjDphvyV1bv68v4pYtGoYR0M=",
        "owner": "sigma",
        "repo": "nix-emacs-ci",
        "rev": "12d561bce8792c6913d71e24f6c58a867d40a04b",
        "type": "github"
      },
      "original": {
        "owner": "sigma",
        "repo": "nix-emacs-ci",
        "type": "github"
      }
    },
    "flake-utils": {
      "locked": {
        "lastModified": 1644229661,
        "narHash": "sha256-1YdnJAsNy69bpcjuoKdOYQX0YxZBiCYZo4Twxerqv7k=",
        "owner": "numtide",
        "repo": "flake-utils",
        "rev": "3cecb5b042f7f209c56ffd8371b2711a290ec797",
        "type": "github"
      },
      "original": {
        "owner": "numtide",
        "repo": "flake-utils",
        "type": "github"
      }
    },
    "nixpkgs": {
      "locked": {
        "lastModified": 1638239011,
        "narHash": "sha256-AjhmbT4UBlJWqxY0ea8a6GU2C2HdKUREkG43oRr3TZg=",
        "owner": "nixos",
        "repo": "nixpkgs",
        "rev": "a7ecde854aee5c4c7cd6177f54a99d2c1ff28a31",
        "type": "github"
      },
      "original": {
        "owner": "nixos",
        "ref": "21.11",
        "repo": "nixpkgs",
        "type": "github"
      }
    },
    "root": {
      "inputs": {
        "devshell": "devshell",
        "emacs": "emacs",
        "emacs-ci": "emacs-ci",
        "flake-utils": "flake-utils",
        "nixpkgs": "nixpkgs"
      }
    }
  },
  "root": "root",
  "version": 7
}
